
Microsoft Visual Studio Solution File, Format Version 11.00
# Visual C# Express 2010
Project("{FAE04EC0-301F-11D3-BF4B-00C04F79EFBC}") = "Battletech", "Battletech\Battletech.csproj", "{9EB1848B-651F-424F-84CA-27F20BA128FD}"
EndProject
Global
	GlobalSection(SolutionConfigurationPlatforms) = preSolution
		Debug|x86 = Debug|x86
		Release|x86 = Release|x86
	EndGlobalSection
	GlobalSection(ProjectConfigurationPlatforms) = postSolution
		{9EB1848B-651F-424F-84CA-27F20BA128FD}.Debug|x86.ActiveCfg = Debug|x86
		{9EB1848B-651F-424F-84CA-27F20BA128FD}.Debug|x86.Build.0 = Debug|x86
		{9EB1848B-651F-424F-84CA-27F20BA128FD}.Release|x86.ActiveCfg = Release|x86
		{9EB1848B-651F-424F-84CA-27F20BA128FD}.Release|x86.Build.0 = Release|x86
	EndGlobalSection
	GlobalSection(SolutionProperties) = preSolution
		HideSolutionNode = FALSE
	EndGlobalSection
EndGlobal
